
Microsoft Visual Studio Solution File, Format Version 12.00
# Visual Studio 14
VisualStudioVersion = 14.0.25420.1
MinimumVisualStudioVersion = 10.0.40219.1
Project("{FAE04EC0-301F-11D3-BF4B-00C04F79EFBC}") = "OrleansErrorExample.Grains", "OrleansErrorExample.Grains\OrleansErrorExample.Grains.csproj", "{8E3F56E1-5604-4D96-B120-0F15F472288F}"
EndProject
Project("{FAE04EC0-301F-11D3-BF4B-00C04F79EFBC}") = "OrleansErrorExample.Interfaces", "OrleansErrorExample.Interfaces\OrleansErrorExample.Interfaces.csproj", "{C68314C7-E36B-4779-8654-C5D547D7F900}"
EndProject
Global
	GlobalSection(SolutionConfigurationPlatforms) = preSolution
		Debug|Any CPU = Debug|Any CPU
		Release|Any CPU = Release|Any CPU
	EndGlobalSection
	GlobalSection(ProjectConfigurationPlatforms) = postSolution
		{8E3F56E1-5604-4D96-B120-0F15F472288F}.Debug|Any CPU.ActiveCfg = Debug|Any CPU
		{8E3F56E1-5604-4D96-B120-0F15F472288F}.Debug|Any CPU.Build.0 = Debug|Any CPU
		{8E3F56E1-5604-4D96-B120-0F15F472288F}.Release|Any CPU.ActiveCfg = Release|Any CPU
		{8E3F56E1-5604-4D96-B120-0F15F472288F}.Release|Any CPU.Build.0 = Release|Any CPU
		{C68314C7-E36B-4779-8654-C5D547D7F900}.Debug|Any CPU.ActiveCfg = Debug|Any CPU
		{C68314C7-E36B-4779-8654-C5D547D7F900}.Debug|Any CPU.Build.0 = Debug|Any CPU
		{C68314C7-E36B-4779-8654-C5D547D7F900}.Release|Any CPU.ActiveCfg = Release|Any CPU
		{C68314C7-E36B-4779-8654-C5D547D7F900}.Release|Any CPU.Build.0 = Release|Any CPU
	EndGlobalSection
	GlobalSection(SolutionProperties) = preSolution
		HideSolutionNode = FALSE
	EndGlobalSection
EndGlobal
